
Microsoft Visual Studio Solution File, Format Version 12.00
# Visual Studio Version 16
VisualStudioVersion = 16.0.31729.503
MinimumVisualStudioVersion = 10.0.40219.1
Project("{8BC9CEB8-8B4A-11D0-8D11-00A0C91BC942}") = "CheckFilePath", "CheckFilePath\CheckFilePath.vcxproj", "{3673E4D4-8BA4-4F32-B68E-E52F0A0C656E}"
EndProject
Project("{8BC9CEB8-8B4A-11D0-8D11-00A0C91BC942}") = "app", "app\app.vcxproj", "{C3CDD1A3-8083-47FA-B2FA-92451D53F75B}"
EndProject
Global
	GlobalSection(SolutionConfigurationPlatforms) = preSolution
		Debug|ARM = Debug|ARM
		Debug|ARM64 = Debug|ARM64
		Debug|x64 = Debug|x64
		Debug|x86 = Debug|x86
		Release|ARM = Release|ARM
		Release|ARM64 = Release|ARM64
		Release|x64 = Release|x64
		Release|x86 = Release|x86
	EndGlobalSection
	GlobalSection(ProjectConfigurationPlatforms) = postSolution
		{3673E4D4-8BA4-4F32-B68E-E52F0A0C656E}.Debug|ARM.ActiveCfg = Debug|ARM
		{3673E4D4-8BA4-4F32-B68E-E52F0A0C656E}.Debug|ARM.Build.0 = Debug|ARM
		{3673E4D4-8BA4-4F32-B68E-E52F0A0C656E}.Debug|ARM.Deploy.0 = Debug|ARM
		{3673E4D4-8BA4-4F32-B68E-E52F0A0C656E}.Debug|ARM64.ActiveCfg = Debug|ARM64
		{3673E4D4-8BA4-4F32-B68E-E52F0A0C656E}.Debug|ARM64.Build.0 = Debug|ARM64
		{3673E4D4-8BA4-4F32-B68E-E52F0A0C656E}.Debug|ARM64.Deploy.0 = Debug|ARM64
		{3673E4D4-8BA4-4F32-B68E-E52F0A0C656E}.Debug|x64.ActiveCfg = Debug|x64
		{3673E4D4-8BA4-4F32-B68E-E52F0A0C656E}.Debug|x64.Build.0 = Debug|x64
		{3673E4D4-8BA4-4F32-B68E-E52F0A0C656E}.Debug|x64.Deploy.0 = Debug|x64
		{3673E4D4-8BA4-4F32-B68E-E52F0A0C656E}.Debug|x86.ActiveCfg = Debug|Win32
		{3673E4D4-8BA4-4F32-B68E-E52F0A0C656E}.Debug|x86.Build.0 = Debug|Win32
		{3673E4D4-8BA4-4F32-B68E-E52F0A0C656E}.Debug|x86.Deploy.0 = Debug|Win32
		{3673E4D4-8BA4-4F32-B68E-E52F0A0C656E}.Release|ARM.ActiveCfg = Release|ARM
		{3673E4D4-8BA4-4F32-B68E-E52F0A0C656E}.Release|ARM.Build.0 = Release|ARM
		{3673E4D4-8BA4-4F32-B68E-E52F0A0C656E}.Release|ARM.Deploy.0 = Release|ARM
		{3673E4D4-8BA4-4F32-B68E-E52F0A0C656E}.Release|ARM64.ActiveCfg = Release|ARM64
		{3673E4D4-8BA4-4F32-B68E-E52F0A0C656E}.Release|ARM64.Build.0 = Release|ARM64
		{3673E4D4-8BA4-4F32-B68E-E52F0A0C656E}.Release|ARM64.Deploy.0 = Release|ARM64
		{3673E4D4-8BA4-4F32-B68E-E52F0A0C656E}.Release|x64.ActiveCfg = Release|x64
		{3673E4D4-8BA4-4F32-B68E-E52F0A0C656E}.Release|x64.Build.0 = Release|x64
		{3673E4D4-8BA4-4F32-B68E-E52F0A0C656E}.Release|x64.Deploy.0 = Release|x64
		{3673E4D4-8BA4-4F32-B68E-E52F0A0C656E}.Release|x86.ActiveCfg = Release|Win32
		{3673E4D4-8BA4-4F32-B68E-E52F0A0C656E}.Release|x86.Build.0 = Release|Win32
		{3673E4D4-8BA4-4F32-B68E-E52F0A0C656E}.Release|x86.Deploy.0 = Release|Win32
		{C3CDD1A3-8083-47FA-B2FA-92451D53F75B}.Debug|ARM.ActiveCfg = Debug|Win32
		{C3CDD1A3-8083-47FA-B2FA-92451D53F75B}.Debug|ARM64.ActiveCfg = Debug|Win32
		{C3CDD1A3-8083-47FA-B2FA-92451D53F75B}.Debug|x64.ActiveCfg = Debug|x64
		{C3CDD1A3-8083-47FA-B2FA-92451D53F75B}.Debug|x64.Build.0 = Debug|x64
		{C3CDD1A3-8083-47FA-B2FA-92451D53F75B}.Debug|x86.ActiveCfg = Debug|Win32
		{C3CDD1A3-8083-47FA-B2FA-92451D53F75B}.Debug|x86.Build.0 = Debug|Win32
		{C3CDD1A3-8083-47FA-B2FA-92451D53F75B}.Release|ARM.ActiveCfg = Release|Win32
		{C3CDD1A3-8083-47FA-B2FA-92451D53F75B}.Release|ARM64.ActiveCfg = Release|Win32
		{C3CDD1A3-8083-47FA-B2FA-92451D53F75B}.Release|x64.ActiveCfg = Release|x64
		{C3CDD1A3-8083-47FA-B2FA-92451D53F75B}.Release|x64.Build.0 = Release|x64
		{C3CDD1A3-8083-47FA-B2FA-92451D53F75B}.Release|x86.ActiveCfg = Release|Win32
		{C3CDD1A3-8083-47FA-B2FA-92451D53F75B}.Release|x86.Build.0 = Release|Win32
	EndGlobalSection
	GlobalSection(SolutionProperties) = preSolution
		HideSolutionNode = FALSE
	EndGlobalSection
	GlobalSection(ExtensibilityGlobals) = postSolution
		SolutionGuid = {AA4C05B9-55A0-41AA-AD17-8065141CE9EF}
	EndGlobalSection
EndGlobal
