
Microsoft Visual Studio Solution File, Format Version 12.00
# Visual Studio Version 16
VisualStudioVersion = 16.0.31729.503
MinimumVisualStudioVersion = 10.0.40219.1
Project("{8BC9CEB8-8B4A-11D0-8D11-00A0C91BC942}") = "filterdriver", "filterdriver\filterdriver.vcxproj", "{AC176F64-4F63-48F0-8441-3AFCDC02D9EE}"
EndProject
Global
	GlobalSection(SolutionConfigurationPlatforms) = preSolution
		Debug|ARM = Debug|ARM
		Debug|ARM64 = Debug|ARM64
		Debug|x64 = Debug|x64
		Debug|x86 = Debug|x86
		Release|ARM = Release|ARM
		Release|ARM64 = Release|ARM64
		Release|x64 = Release|x64
		Release|x86 = Release|x86
	EndGlobalSection
	GlobalSection(ProjectConfigurationPlatforms) = postSolution
		{AC176F64-4F63-48F0-8441-3AFCDC02D9EE}.Debug|ARM.ActiveCfg = Debug|ARM
		{AC176F64-4F63-48F0-8441-3AFCDC02D9EE}.Debug|ARM.Build.0 = Debug|ARM
		{AC176F64-4F63-48F0-8441-3AFCDC02D9EE}.Debug|ARM.Deploy.0 = Debug|ARM
		{AC176F64-4F63-48F0-8441-3AFCDC02D9EE}.Debug|ARM64.ActiveCfg = Debug|ARM64
		{AC176F64-4F63-48F0-8441-3AFCDC02D9EE}.Debug|ARM64.Build.0 = Debug|ARM64
		{AC176F64-4F63-48F0-8441-3AFCDC02D9EE}.Debug|ARM64.Deploy.0 = Debug|ARM64
		{AC176F64-4F63-48F0-8441-3AFCDC02D9EE}.Debug|x64.ActiveCfg = Debug|x64
		{AC176F64-4F63-48F0-8441-3AFCDC02D9EE}.Debug|x64.Build.0 = Debug|x64
		{AC176F64-4F63-48F0-8441-3AFCDC02D9EE}.Debug|x64.Deploy.0 = Debug|x64
		{AC176F64-4F63-48F0-8441-3AFCDC02D9EE}.Debug|x86.ActiveCfg = Debug|Win32
		{AC176F64-4F63-48F0-8441-3AFCDC02D9EE}.Debug|x86.Build.0 = Debug|Win32
		{AC176F64-4F63-48F0-8441-3AFCDC02D9EE}.Debug|x86.Deploy.0 = Debug|Win32
		{AC176F64-4F63-48F0-8441-3AFCDC02D9EE}.Release|ARM.ActiveCfg = Release|ARM
		{AC176F64-4F63-48F0-8441-3AFCDC02D9EE}.Release|ARM.Build.0 = Release|ARM
		{AC176F64-4F63-48F0-8441-3AFCDC02D9EE}.Release|ARM.Deploy.0 = Release|ARM
		{AC176F64-4F63-48F0-8441-3AFCDC02D9EE}.Release|ARM64.ActiveCfg = Release|ARM64
		{AC176F64-4F63-48F0-8441-3AFCDC02D9EE}.Release|ARM64.Build.0 = Release|ARM64
		{AC176F64-4F63-48F0-8441-3AFCDC02D9EE}.Release|ARM64.Deploy.0 = Release|ARM64
		{AC176F64-4F63-48F0-8441-3AFCDC02D9EE}.Release|x64.ActiveCfg = Release|x64
		{AC176F64-4F63-48F0-8441-3AFCDC02D9EE}.Release|x64.Build.0 = Release|x64
		{AC176F64-4F63-48F0-8441-3AFCDC02D9EE}.Release|x64.Deploy.0 = Release|x64
		{AC176F64-4F63-48F0-8441-3AFCDC02D9EE}.Release|x86.ActiveCfg = Release|Win32
		{AC176F64-4F63-48F0-8441-3AFCDC02D9EE}.Release|x86.Build.0 = Release|Win32
		{AC176F64-4F63-48F0-8441-3AFCDC02D9EE}.Release|x86.Deploy.0 = Release|Win32
	EndGlobalSection
	GlobalSection(SolutionProperties) = preSolution
		HideSolutionNode = FALSE
	EndGlobalSection
	GlobalSection(ExtensibilityGlobals) = postSolution
		SolutionGuid = {C4EF4F7C-F9EE-42B4-B6CC-93B5D4E7D31E}
	EndGlobalSection
EndGlobal
